
Microsoft Visual Studio Solution File, Format Version 12.00
# Visual Studio Version 17
VisualStudioVersion = 17.14.36623.8
MinimumVisualStudioVersion = 10.0.40219.1
Project("{FAE04EC0-301F-11D3-BF4B-00C04F79EFBC}") = "D1", "D1\D1.csproj", "{E17F2353-E67D-4267-A186-DDBC27496B4E}"
EndProject
Project("{FAE04EC0-301F-11D3-BF4B-00C04F79EFBC}") = "D2", "D2\D2.csproj", "{3BF782A9-7C7E-4FA3-8C5F-A907BE8C6C37}"
EndProject
Project("{FAE04EC0-301F-11D3-BF4B-00C04F79EFBC}") = "D3", "D3\D3.csproj", "{FDF5F9D8-E739-4253-8610-2DC8AD6A239B}"
EndProject
Project("{FAE04EC0-301F-11D3-BF4B-00C04F79EFBC}") = "D4", "D4\D4.csproj", "{39E0117C-191F-426E-9127-51CD43DF45FE}"
EndProject
Global
	GlobalSection(SolutionConfigurationPlatforms) = preSolution
		Debug|Any CPU = Debug|Any CPU
		Release|Any CPU = Release|Any CPU
	EndGlobalSection
	GlobalSection(ProjectConfigurationPlatforms) = postSolution
		{E17F2353-E67D-4267-A186-DDBC27496B4E}.Debug|Any CPU.ActiveCfg = Debug|Any CPU
		{E17F2353-E67D-4267-A186-DDBC27496B4E}.Debug|Any CPU.Build.0 = Debug|Any CPU
		{E17F2353-E67D-4267-A186-DDBC27496B4E}.Release|Any CPU.ActiveCfg = Release|Any CPU
		{E17F2353-E67D-4267-A186-DDBC27496B4E}.Release|Any CPU.Build.0 = Release|Any CPU
		{3BF782A9-7C7E-4FA3-8C5F-A907BE8C6C37}.Debug|Any CPU.ActiveCfg = Debug|Any CPU
		{3BF782A9-7C7E-4FA3-8C5F-A907BE8C6C37}.Debug|Any CPU.Build.0 = Debug|Any CPU
		{3BF782A9-7C7E-4FA3-8C5F-A907BE8C6C37}.Release|Any CPU.ActiveCfg = Release|Any CPU
		{3BF782A9-7C7E-4FA3-8C5F-A907BE8C6C37}.Release|Any CPU.Build.0 = Release|Any CPU
		{FDF5F9D8-E739-4253-8610-2DC8AD6A239B}.Debug|Any CPU.ActiveCfg = Debug|Any CPU
		{FDF5F9D8-E739-4253-8610-2DC8AD6A239B}.Debug|Any CPU.Build.0 = Debug|Any CPU
		{FDF5F9D8-E739-4253-8610-2DC8AD6A239B}.Release|Any CPU.ActiveCfg = Release|Any CPU
		{FDF5F9D8-E739-4253-8610-2DC8AD6A239B}.Release|Any CPU.Build.0 = Release|Any CPU
		{39E0117C-191F-426E-9127-51CD43DF45FE}.Debug|Any CPU.ActiveCfg = Debug|Any CPU
		{39E0117C-191F-426E-9127-51CD43DF45FE}.Debug|Any CPU.Build.0 = Debug|Any CPU
		{39E0117C-191F-426E-9127-51CD43DF45FE}.Release|Any CPU.ActiveCfg = Release|Any CPU
		{39E0117C-191F-426E-9127-51CD43DF45FE}.Release|Any CPU.Build.0 = Release|Any CPU
	EndGlobalSection
	GlobalSection(SolutionProperties) = preSolution
		HideSolutionNode = FALSE
	EndGlobalSection
	GlobalSection(ExtensibilityGlobals) = postSolution
		SolutionGuid = {E5FBB398-1AA9-469A-9A3F-E9CD2E0A8382}
	EndGlobalSection
EndGlobal
